// !$*UTF8*$!
{
	archiveVersion = 1;
	classes = {
	};
	objectVersion = 56;
	objects = {

/* Begin PBXBuildFile section */
		5D6F5DC44BEC251E0CC92BB0 /* Pods_solorise_soloriseUITests.framework in Frameworks */ = {isa = PBXBuildFile; fileRef = 41B0B80157B3A7FFED744C11 /* Pods_solorise_soloriseUITests.framework */; };
		6D0AAAC92C3170E000581443 /* Post.swift in Sources */ = {isa = PBXBuildFile; fileRef = 6D0AAAC82C3170E000581443 /* Post.swift */; };
		6D0AAACC2C3179D100581443 /* GrindCalendarViewController.swift in Sources */ = {isa = PBXBuildFile; fileRef = 6D0AAACB2C3179D100581443 /* GrindCalendarViewController.swift */; };
		6D0AAACE2C317ABF00581443 /* GrindCalendarCell.swift in Sources */ = {isa = PBXBuildFile; fileRef = 6D0AAACD2C317ABF00581443 /* GrindCalendarCell.swift */; };
		6D0AAAD02C3180A700581443 /* InvidualGrindViewController.swift in Sources */ = {isa = PBXBuildFile; fileRef = 6D0AAACF2C3180A700581443 /* InvidualGrindViewController.swift */; };
		6D0FE6B02C13DC4100A42246 /* AuthHeaderView.swift in Sources */ = {isa = PBXBuildFile; fileRef = 6D0FE6AF2C13DC4100A42246 /* AuthHeaderView.swift */; };
		6D0FE6B22C13E28E00A42246 /* WebViewController.swift in Sources */ = {isa = PBXBuildFile; fileRef = 6D0FE6B12C13E28E00A42246 /* WebViewController.swift */; };
		6D0FE6B62C13E46500A42246 /* AuthController.swift in Sources */ = {isa = PBXBuildFile; fileRef = 6D0FE6B52C13E46500A42246 /* AuthController.swift */; };
		6D2435A52BFBE577008EEA6E /* AppDelegate.swift in Sources */ = {isa = PBXBuildFile; fileRef = 6D2435A42BFBE577008EEA6E /* AppDelegate.swift */; };
		6D2435A72BFBE577008EEA6E /* SceneDelegate.swift in Sources */ = {isa = PBXBuildFile; fileRef = 6D2435A62BFBE577008EEA6E /* SceneDelegate.swift */; };
		6D2435A92BFBE577008EEA6E /* FirstScreenController.swift in Sources */ = {isa = PBXBuildFile; fileRef = 6D2435A82BFBE577008EEA6E /* FirstScreenController.swift */; };
		6D2435AE2BFBE578008EEA6E /* Assets.xcassets in Resources */ = {isa = PBXBuildFile; fileRef = 6D2435AD2BFBE578008EEA6E /* Assets.xcassets */; };
		6D2435B12BFBE578008EEA6E /* Base in Resources */ = {isa = PBXBuildFile; fileRef = 6D2435B02BFBE578008EEA6E /* Base */; };
		6D2435BC2BFBE578008EEA6E /* soloriseTests.swift in Sources */ = {isa = PBXBuildFile; fileRef = 6D2435BB2BFBE578008EEA6E /* soloriseTests.swift */; };
		6D2435C62BFBE578008EEA6E /* soloriseUITests.swift in Sources */ = {isa = PBXBuildFile; fileRef = 6D2435C52BFBE578008EEA6E /* soloriseUITests.swift */; };
		6D2435C82BFBE578008EEA6E /* soloriseUITestsLaunchTests.swift in Sources */ = {isa = PBXBuildFile; fileRef = 6D2435C72BFBE578008EEA6E /* soloriseUITestsLaunchTests.swift */; };
		6D2F40B72C3025DB000D705D /* GrindProfileController.swift in Sources */ = {isa = PBXBuildFile; fileRef = 6D2F40B62C3025DB000D705D /* GrindProfileController.swift */; };
		6D2F40BA2C3028E6000D705D /* GrindProfileCelll.swift in Sources */ = {isa = PBXBuildFile; fileRef = 6D2F40B92C3028E6000D705D /* GrindProfileCelll.swift */; };
		6D2F40BC2C304AB9000D705D /* ProfileFilterCell.swift in Sources */ = {isa = PBXBuildFile; fileRef = 6D2F40BB2C304AB9000D705D /* ProfileFilterCell.swift */; };
		6D426A5E2C035A8400BFBBFF /* Example.swift in Sources */ = {isa = PBXBuildFile; fileRef = 6D426A5D2C035A8400BFBBFF /* Example.swift */; };
		6D4A2E092C068597000125C3 /* LoginViewController.swift in Sources */ = {isa = PBXBuildFile; fileRef = 6D4A2E082C068597000125C3 /* LoginViewController.swift */; };
		6D4A2E0B2C0685AA000125C3 /* SignupViewController.swift in Sources */ = {isa = PBXBuildFile; fileRef = 6D4A2E0A2C0685AA000125C3 /* SignupViewController.swift */; };
		6D4A2E0D2C068740000125C3 /* Anchors.swift in Sources */ = {isa = PBXBuildFile; fileRef = 6D4A2E0C2C068740000125C3 /* Anchors.swift */; };
		6D4A2E0F2C068755000125C3 /* CustomCell.swift in Sources */ = {isa = PBXBuildFile; fileRef = 6D4A2E0E2C068755000125C3 /* CustomCell.swift */; };
		6D4A2E142C0687A0000125C3 /* StackManager.swift in Sources */ = {isa = PBXBuildFile; fileRef = 6D4A2E132C0687A0000125C3 /* StackManager.swift */; };
		6D4A2E162C0687E9000125C3 /* TimeManager.swift in Sources */ = {isa = PBXBuildFile; fileRef = 6D4A2E152C0687E9000125C3 /* TimeManager.swift */; };
		6D4A2E182C068860000125C3 /* LoadingIndicator.swift in Sources */ = {isa = PBXBuildFile; fileRef = 6D4A2E172C068860000125C3 /* LoadingIndicator.swift */; };
		6D4A2E1A2C0689AC000125C3 /* CustomTextField.swift in Sources */ = {isa = PBXBuildFile; fileRef = 6D4A2E192C0689AC000125C3 /* CustomTextField.swift */; };
		6D4A2E1C2C068B80000125C3 /* DesignConstants.swift in Sources */ = {isa = PBXBuildFile; fileRef = 6D4A2E1B2C068B80000125C3 /* DesignConstants.swift */; };
		6D4A2E1E2C068BB8000125C3 /* Color.swift in Sources */ = {isa = PBXBuildFile; fileRef = 6D4A2E1D2C068BB8000125C3 /* Color.swift */; };
		6D4A2E202C068CB3000125C3 /* CustomButton.swift in Sources */ = {isa = PBXBuildFile; fileRef = 6D4A2E1F2C068CB3000125C3 /* CustomButton.swift */; };
		6D58F7EA2C18CB0100414A33 /* User.swift in Sources */ = {isa = PBXBuildFile; fileRef = 6D58F7E92C18CB0100414A33 /* User.swift */; };
		6D7C6C7B2C04DB02007AE2AC /* Endpoint.swift in Sources */ = {isa = PBXBuildFile; fileRef = 6D7C6C7A2C04DB02007AE2AC /* Endpoint.swift */; };
		6D7C6C7D2C04DB1A007AE2AC /* NetworkManager.swift in Sources */ = {isa = PBXBuildFile; fileRef = 6D7C6C7C2C04DB1A007AE2AC /* NetworkManager.swift */; };
		6D7C6C7F2C04DB37007AE2AC /* Request.swift in Sources */ = {isa = PBXBuildFile; fileRef = 6D7C6C7E2C04DB37007AE2AC /* Request.swift */; };
		6D7C6C812C0508CB007AE2AC /* ApiResponse.swift in Sources */ = {isa = PBXBuildFile; fileRef = 6D7C6C802C0508CB007AE2AC /* ApiResponse.swift */; };
		6D7C6C832C0508E9007AE2AC /* ApiErrorResponse.swift in Sources */ = {isa = PBXBuildFile; fileRef = 6D7C6C822C0508E9007AE2AC /* ApiErrorResponse.swift */; };
		6D8D2F9B2C1A5DC000E59A84 /* AuthManager.swift in Sources */ = {isa = PBXBuildFile; fileRef = 6D8D2F9A2C1A5DC000E59A84 /* AuthManager.swift */; };
		6DB5A74A2C1E41FC007D7A04 /* ProfileController.swift in Sources */ = {isa = PBXBuildFile; fileRef = 6DB5A7492C1E41FC007D7A04 /* ProfileController.swift */; };
		6DB5A74D2C1E4E98007D7A04 /* TabController.swift in Sources */ = {isa = PBXBuildFile; fileRef = 6DB5A74C2C1E4E98007D7A04 /* TabController.swift */; };
		6DB881582C27101F00EC3B68 /* ProfilePagingCollectionView.swift in Sources */ = {isa = PBXBuildFile; fileRef = 6DB881572C27101F00EC3B68 /* ProfilePagingCollectionView.swift */; };
		6DB8815A2C27109000EC3B68 /* ProfilePagingCell.swift in Sources */ = {isa = PBXBuildFile; fileRef = 6DB881592C27109000EC3B68 /* ProfilePagingCell.swift */; };
		6DC408D72C5AE9B8009A67C5 /* SecondViewController.swift in Sources */ = {isa = PBXBuildFile; fileRef = 6DC408D62C5AE9B8009A67C5 /* SecondViewController.swift */; };
		6DC841C02C2F84FC0030F4B7 /* MyPageControllerViewController.swift in Sources */ = {isa = PBXBuildFile; fileRef = 6DC841BF2C2F84FC0030F4B7 /* MyPageControllerViewController.swift */; };
		6DCC0E2A2C1F71EE000DD271 /* CustomImage.swift in Sources */ = {isa = PBXBuildFile; fileRef = 6DCC0E292C1F71EE000DD271 /* CustomImage.swift */; };
		6DED032F2C02A30300F3592F /* Constants.swift in Sources */ = {isa = PBXBuildFile; fileRef = 6DED032E2C02A30300F3592F /* Constants.swift */; };
		6DF95A4F2C5C2BD20047FED1 /* PreviewViewController.swift in Sources */ = {isa = PBXBuildFile; fileRef = 6DF95A4E2C5C2BD20047FED1 /* PreviewViewController.swift */; };
		CB92D56C626D4F302C185948 /* Pods_soloriseTests.framework in Frameworks */ = {isa = PBXBuildFile; fileRef = 5563EBCBE8CCC52B1904C1F9 /* Pods_soloriseTests.framework */; };
		E406022E0DC0E5D1592AD2BE /* Pods_solorise.framework in Frameworks */ = {isa = PBXBuildFile; fileRef = F680D5DBD07A748DABEE0756 /* Pods_solorise.framework */; };
/* End PBXBuildFile section */

/* Begin PBXContainerItemProxy section */
		6D2435B82BFBE578008EEA6E /* PBXContainerItemProxy */ = {
			isa = PBXContainerItemProxy;
			containerPortal = 6D2435992BFBE577008EEA6E /* Project object */;
			proxyType = 1;
			remoteGlobalIDString = 6D2435A02BFBE577008EEA6E;
			remoteInfo = solorise;
		};
		6D2435C22BFBE578008EEA6E /* PBXContainerItemProxy */ = {
			isa = PBXContainerItemProxy;
			containerPortal = 6D2435992BFBE577008EEA6E /* Project object */;
			proxyType = 1;
			remoteGlobalIDString = 6D2435A02BFBE577008EEA6E;
			remoteInfo = solorise;
		};
/* End PBXContainerItemProxy section */

/* Begin PBXFileReference section */
		0B5FECC4141D1DB1D0ED7942 /* Pods-solorise.debug.xcconfig */ = {isa = PBXFileReference; includeInIndex = 1; lastKnownFileType = text.xcconfig; name = "Pods-solorise.debug.xcconfig"; path = "Target Support Files/Pods-solorise/Pods-solorise.debug.xcconfig"; sourceTree = "<group>"; };
		41B0B80157B3A7FFED744C11 /* Pods_solorise_soloriseUITests.framework */ = {isa = PBXFileReference; explicitFileType = wrapper.framework; includeInIndex = 0; path = Pods_solorise_soloriseUITests.framework; sourceTree = BUILT_PRODUCTS_DIR; };
		5563EBCBE8CCC52B1904C1F9 /* Pods_soloriseTests.framework */ = {isa = PBXFileReference; explicitFileType = wrapper.framework; includeInIndex = 0; path = Pods_soloriseTests.framework; sourceTree = BUILT_PRODUCTS_DIR; };
		5ACF37B33AFC3A4EE759CE21 /* Pods-solorise-soloriseUITests.release.xcconfig */ = {isa = PBXFileReference; includeInIndex = 1; lastKnownFileType = text.xcconfig; name = "Pods-solorise-soloriseUITests.release.xcconfig"; path = "Target Support Files/Pods-solorise-soloriseUITests/Pods-solorise-soloriseUITests.release.xcconfig"; sourceTree = "<group>"; };
		61DCAC099809229B5EF5676C /* Pods-soloriseTests.release.xcconfig */ = {isa = PBXFileReference; includeInIndex = 1; lastKnownFileType = text.xcconfig; name = "Pods-soloriseTests.release.xcconfig"; path = "Target Support Files/Pods-soloriseTests/Pods-soloriseTests.release.xcconfig"; sourceTree = "<group>"; };
		6D0AAAC82C3170E000581443 /* Post.swift */ = {isa = PBXFileReference; lastKnownFileType = sourcecode.swift; path = Post.swift; sourceTree = "<group>"; };
		6D0AAACB2C3179D100581443 /* GrindCalendarViewController.swift */ = {isa = PBXFileReference; lastKnownFileType = sourcecode.swift; path = GrindCalendarViewController.swift; sourceTree = "<group>"; };
		6D0AAACD2C317ABF00581443 /* GrindCalendarCell.swift */ = {isa = PBXFileReference; lastKnownFileType = sourcecode.swift; path = GrindCalendarCell.swift; sourceTree = "<group>"; };
		6D0AAACF2C3180A700581443 /* InvidualGrindViewController.swift */ = {isa = PBXFileReference; lastKnownFileType = sourcecode.swift; path = InvidualGrindViewController.swift; sourceTree = "<group>"; };
		6D0FE6AF2C13DC4100A42246 /* AuthHeaderView.swift */ = {isa = PBXFileReference; lastKnownFileType = sourcecode.swift; path = AuthHeaderView.swift; sourceTree = "<group>"; };
		6D0FE6B12C13E28E00A42246 /* WebViewController.swift */ = {isa = PBXFileReference; lastKnownFileType = sourcecode.swift; path = WebViewController.swift; sourceTree = "<group>"; };
		6D0FE6B52C13E46500A42246 /* AuthController.swift */ = {isa = PBXFileReference; lastKnownFileType = sourcecode.swift; path = AuthController.swift; sourceTree = "<group>"; };
		6D2435A12BFBE577008EEA6E /* solorise.app */ = {isa = PBXFileReference; explicitFileType = wrapper.application; includeInIndex = 0; path = solorise.app; sourceTree = BUILT_PRODUCTS_DIR; };
		6D2435A42BFBE577008EEA6E /* AppDelegate.swift */ = {isa = PBXFileReference; lastKnownFileType = sourcecode.swift; path = AppDelegate.swift; sourceTree = "<group>"; };
		6D2435A62BFBE577008EEA6E /* SceneDelegate.swift */ = {isa = PBXFileReference; lastKnownFileType = sourcecode.swift; path = SceneDelegate.swift; sourceTree = "<group>"; };
		6D2435A82BFBE577008EEA6E /* FirstScreenController.swift */ = {isa = PBXFileReference; lastKnownFileType = sourcecode.swift; path = FirstScreenController.swift; sourceTree = "<group>"; };
		6D2435AD2BFBE578008EEA6E /* Assets.xcassets */ = {isa = PBXFileReference; lastKnownFileType = folder.assetcatalog; path = Assets.xcassets; sourceTree = "<group>"; };
		6D2435B02BFBE578008EEA6E /* Base */ = {isa = PBXFileReference; lastKnownFileType = file.storyboard; name = Base; path = Base.lproj/LaunchScreen.storyboard; sourceTree = "<group>"; };
		6D2435B22BFBE578008EEA6E /* Info.plist */ = {isa = PBXFileReference; lastKnownFileType = text.plist.xml; path = Info.plist; sourceTree = "<group>"; };
		6D2435B72BFBE578008EEA6E /* soloriseTests.xctest */ = {isa = PBXFileReference; explicitFileType = wrapper.cfbundle; includeInIndex = 0; path = soloriseTests.xctest; sourceTree = BUILT_PRODUCTS_DIR; };
		6D2435BB2BFBE578008EEA6E /* soloriseTests.swift */ = {isa = PBXFileReference; lastKnownFileType = sourcecode.swift; path = soloriseTests.swift; sourceTree = "<group>"; };
		6D2435C12BFBE578008EEA6E /* soloriseUITests.xctest */ = {isa = PBXFileReference; explicitFileType = wrapper.cfbundle; includeInIndex = 0; path = soloriseUITests.xctest; sourceTree = BUILT_PRODUCTS_DIR; };
		6D2435C52BFBE578008EEA6E /* soloriseUITests.swift */ = {isa = PBXFileReference; lastKnownFileType = sourcecode.swift; path = soloriseUITests.swift; sourceTree = "<group>"; };
		6D2435C72BFBE578008EEA6E /* soloriseUITestsLaunchTests.swift */ = {isa = PBXFileReference; lastKnownFileType = sourcecode.swift; path = soloriseUITestsLaunchTests.swift; sourceTree = "<group>"; };
		6D2F40B62C3025DB000D705D /* GrindProfileController.swift */ = {isa = PBXFileReference; lastKnownFileType = sourcecode.swift; path = GrindProfileController.swift; sourceTree = "<group>"; };
		6D2F40B92C3028E6000D705D /* GrindProfileCelll.swift */ = {isa = PBXFileReference; lastKnownFileType = sourcecode.swift; path = GrindProfileCelll.swift; sourceTree = "<group>"; };
		6D2F40BB2C304AB9000D705D /* ProfileFilterCell.swift */ = {isa = PBXFileReference; lastKnownFileType = sourcecode.swift; path = ProfileFilterCell.swift; sourceTree = "<group>"; };
		6D426A5D2C035A8400BFBBFF /* Example.swift */ = {isa = PBXFileReference; lastKnownFileType = sourcecode.swift; path = Example.swift; sourceTree = "<group>"; };
		6D4A2E082C068597000125C3 /* LoginViewController.swift */ = {isa = PBXFileReference; lastKnownFileType = sourcecode.swift; path = LoginViewController.swift; sourceTree = "<group>"; };
		6D4A2E0A2C0685AA000125C3 /* SignupViewController.swift */ = {isa = PBXFileReference; lastKnownFileType = sourcecode.swift; path = SignupViewController.swift; sourceTree = "<group>"; };
		6D4A2E0C2C068740000125C3 /* Anchors.swift */ = {isa = PBXFileReference; lastKnownFileType = sourcecode.swift; path = Anchors.swift; sourceTree = "<group>"; };
		6D4A2E0E2C068755000125C3 /* CustomCell.swift */ = {isa = PBXFileReference; lastKnownFileType = sourcecode.swift; path = CustomCell.swift; sourceTree = "<group>"; };
		6D4A2E132C0687A0000125C3 /* StackManager.swift */ = {isa = PBXFileReference; lastKnownFileType = sourcecode.swift; path = StackManager.swift; sourceTree = "<group>"; };
		6D4A2E152C0687E9000125C3 /* TimeManager.swift */ = {isa = PBXFileReference; lastKnownFileType = sourcecode.swift; path = TimeManager.swift; sourceTree = "<group>"; };
		6D4A2E172C068860000125C3 /* LoadingIndicator.swift */ = {isa = PBXFileReference; lastKnownFileType = sourcecode.swift; path = LoadingIndicator.swift; sourceTree = "<group>"; };
		6D4A2E192C0689AC000125C3 /* CustomTextField.swift */ = {isa = PBXFileReference; lastKnownFileType = sourcecode.swift; path = CustomTextField.swift; sourceTree = "<group>"; };
		6D4A2E1B2C068B80000125C3 /* DesignConstants.swift */ = {isa = PBXFileReference; lastKnownFileType = sourcecode.swift; path = DesignConstants.swift; sourceTree = "<group>"; };
		6D4A2E1D2C068BB8000125C3 /* Color.swift */ = {isa = PBXFileReference; lastKnownFileType = sourcecode.swift; path = Color.swift; sourceTree = "<group>"; };
		6D4A2E1F2C068CB3000125C3 /* CustomButton.swift */ = {isa = PBXFileReference; lastKnownFileType = sourcecode.swift; path = CustomButton.swift; sourceTree = "<group>"; };
		6D58F7E92C18CB0100414A33 /* User.swift */ = {isa = PBXFileReference; lastKnownFileType = sourcecode.swift; path = User.swift; sourceTree = "<group>"; };
		6D7C6C7A2C04DB02007AE2AC /* Endpoint.swift */ = {isa = PBXFileReference; lastKnownFileType = sourcecode.swift; path = Endpoint.swift; sourceTree = "<group>"; };
		6D7C6C7C2C04DB1A007AE2AC /* NetworkManager.swift */ = {isa = PBXFileReference; lastKnownFileType = sourcecode.swift; path = NetworkManager.swift; sourceTree = "<group>"; };
		6D7C6C7E2C04DB37007AE2AC /* Request.swift */ = {isa = PBXFileReference; lastKnownFileType = sourcecode.swift; path = Request.swift; sourceTree = "<group>"; };
		6D7C6C802C0508CB007AE2AC /* ApiResponse.swift */ = {isa = PBXFileReference; lastKnownFileType = sourcecode.swift; path = ApiResponse.swift; sourceTree = "<group>"; };
		6D7C6C822C0508E9007AE2AC /* ApiErrorResponse.swift */ = {isa = PBXFileReference; lastKnownFileType = sourcecode.swift; path = ApiErrorResponse.swift; sourceTree = "<group>"; };
		6D8D2F9A2C1A5DC000E59A84 /* AuthManager.swift */ = {isa = PBXFileReference; lastKnownFileType = sourcecode.swift; path = AuthManager.swift; sourceTree = "<group>"; };
		6DB5A7492C1E41FC007D7A04 /* ProfileController.swift */ = {isa = PBXFileReference; lastKnownFileType = sourcecode.swift; path = ProfileController.swift; sourceTree = "<group>"; };
		6DB5A74C2C1E4E98007D7A04 /* TabController.swift */ = {isa = PBXFileReference; lastKnownFileType = sourcecode.swift; path = TabController.swift; sourceTree = "<group>"; };
		6DB881572C27101F00EC3B68 /* ProfilePagingCollectionView.swift */ = {isa = PBXFileReference; lastKnownFileType = sourcecode.swift; path = ProfilePagingCollectionView.swift; sourceTree = "<group>"; };
		6DB881592C27109000EC3B68 /* ProfilePagingCell.swift */ = {isa = PBXFileReference; lastKnownFileType = sourcecode.swift; path = ProfilePagingCell.swift; sourceTree = "<group>"; };
		6DC408D62C5AE9B8009A67C5 /* SecondViewController.swift */ = {isa = PBXFileReference; lastKnownFileType = sourcecode.swift; path = SecondViewController.swift; sourceTree = "<group>"; };
		6DC841BF2C2F84FC0030F4B7 /* MyPageControllerViewController.swift */ = {isa = PBXFileReference; lastKnownFileType = sourcecode.swift; path = MyPageControllerViewController.swift; sourceTree = "<group>"; };
		6DCC0E292C1F71EE000DD271 /* CustomImage.swift */ = {isa = PBXFileReference; lastKnownFileType = sourcecode.swift; path = CustomImage.swift; sourceTree = "<group>"; };
		6DED032E2C02A30300F3592F /* Constants.swift */ = {isa = PBXFileReference; lastKnownFileType = sourcecode.swift; path = Constants.swift; sourceTree = "<group>"; };
		6DF95A4E2C5C2BD20047FED1 /* PreviewViewController.swift */ = {isa = PBXFileReference; lastKnownFileType = sourcecode.swift; path = PreviewViewController.swift; sourceTree = "<group>"; };
		7864D47C0D2A11049B8F8877 /* Pods-solorise-soloriseUITests.debug.xcconfig */ = {isa = PBXFileReference; includeInIndex = 1; lastKnownFileType = text.xcconfig; name = "Pods-solorise-soloriseUITests.debug.xcconfig"; path = "Target Support Files/Pods-solorise-soloriseUITests/Pods-solorise-soloriseUITests.debug.xcconfig"; sourceTree = "<group>"; };
		A0F07006FE9B8D49B38F1604 /* Pods-solorise.release.xcconfig */ = {isa = PBXFileReference; includeInIndex = 1; lastKnownFileType = text.xcconfig; name = "Pods-solorise.release.xcconfig"; path = "Target Support Files/Pods-solorise/Pods-solorise.release.xcconfig"; sourceTree = "<group>"; };
		C07844C20C51B3BAB08A0078 /* Pods-soloriseTests.debug.xcconfig */ = {isa = PBXFileReference; includeInIndex = 1; lastKnownFileType = text.xcconfig; name = "Pods-soloriseTests.debug.xcconfig"; path = "Target Support Files/Pods-soloriseTests/Pods-soloriseTests.debug.xcconfig"; sourceTree = "<group>"; };
		F680D5DBD07A748DABEE0756 /* Pods_solorise.framework */ = {isa = PBXFileReference; explicitFileType = wrapper.framework; includeInIndex = 0; path = Pods_solorise.framework; sourceTree = BUILT_PRODUCTS_DIR; };
/* End PBXFileReference section */

/* Begin PBXFrameworksBuildPhase section */
		6D24359E2BFBE577008EEA6E /* Frameworks */ = {
			isa = PBXFrameworksBuildPhase;
			buildActionMask = 2147483647;
			files = (
				E406022E0DC0E5D1592AD2BE /* Pods_solorise.framework in Frameworks */,
			);
			runOnlyForDeploymentPostprocessing = 0;
		};
		6D2435B42BFBE578008EEA6E /* Frameworks */ = {
			isa = PBXFrameworksBuildPhase;
			buildActionMask = 2147483647;
			files = (
				CB92D56C626D4F302C185948 /* Pods_soloriseTests.framework in Frameworks */,
			);
			runOnlyForDeploymentPostprocessing = 0;
		};
		6D2435BE2BFBE578008EEA6E /* Frameworks */ = {
			isa = PBXFrameworksBuildPhase;
			buildActionMask = 2147483647;
			files = (
				5D6F5DC44BEC251E0CC92BB0 /* Pods_solorise_soloriseUITests.framework in Frameworks */,
			);
			runOnlyForDeploymentPostprocessing = 0;
		};
/* End PBXFrameworksBuildPhase section */

/* Begin PBXGroup section */
		054A5F8977A31FFA67CA06F6 /* Pods */ = {
			isa = PBXGroup;
			children = (
				0B5FECC4141D1DB1D0ED7942 /* Pods-solorise.debug.xcconfig */,
				A0F07006FE9B8D49B38F1604 /* Pods-solorise.release.xcconfig */,
				7864D47C0D2A11049B8F8877 /* Pods-solorise-soloriseUITests.debug.xcconfig */,
				5ACF37B33AFC3A4EE759CE21 /* Pods-solorise-soloriseUITests.release.xcconfig */,
				C07844C20C51B3BAB08A0078 /* Pods-soloriseTests.debug.xcconfig */,
				61DCAC099809229B5EF5676C /* Pods-soloriseTests.release.xcconfig */,
			);
			path = Pods;
			sourceTree = "<group>";
		};
		6D0AAACA2C3179A600581443 /* New Group */ = {
			isa = PBXGroup;
			children = (
			);
			path = "New Group";
			sourceTree = "<group>";
		};
		6D0FE6B32C13E36300A42246 /* Helper */ = {
			isa = PBXGroup;
			children = (
				6D0FE6B12C13E28E00A42246 /* WebViewController.swift */,
			);
			path = Helper;
			sourceTree = "<group>";
		};
		6D0FE6B42C13E45800A42246 /* Auth */ = {
			isa = PBXGroup;
			children = (
				6D0FE6B52C13E46500A42246 /* AuthController.swift */,
				6D4A2E082C068597000125C3 /* LoginViewController.swift */,
				6D4A2E0A2C0685AA000125C3 /* SignupViewController.swift */,
			);
			path = Auth;
			sourceTree = "<group>";
		};
		6D2435982BFBE577008EEA6E = {
			isa = PBXGroup;
			children = (
				6D2435A32BFBE577008EEA6E /* solorise */,
				6D2435BA2BFBE578008EEA6E /* soloriseTests */,
				6D2435C42BFBE578008EEA6E /* soloriseUITests */,
				6D2435A22BFBE577008EEA6E /* Products */,
				054A5F8977A31FFA67CA06F6 /* Pods */,
				9AEE0E5A0C85BBE47376818B /* Frameworks */,
			);
			sourceTree = "<group>";
		};
		6D2435A22BFBE577008EEA6E /* Products */ = {
			isa = PBXGroup;
			children = (
				6D2435A12BFBE577008EEA6E /* solorise.app */,
				6D2435B72BFBE578008EEA6E /* soloriseTests.xctest */,
				6D2435C12BFBE578008EEA6E /* soloriseUITests.xctest */,
			);
			name = Products;
			sourceTree = "<group>";
		};
		6D2435A32BFBE577008EEA6E /* solorise */ = {
			isa = PBXGroup;
			children = (
				6D4A2E122C068794000125C3 /* Manager */,
				6D7C6C792C04D9FF007AE2AC /* Component */,
				6DED032D2C02A2F600F3592F /* Support */,
				6DED032C2C02A2A600F3592F /* ViewModel */,
				6D32C1952BFC14B900237B67 /* ApiClient */,
				6D32C1942BFC149600237B67 /* Resource */,
				6D32C1932BFC147A00237B67 /* Service */,
				6D32C1922BFC146100237B67 /* Extensions */,
				6D32C1912BFC0FB100237B67 /* Controllers */,
				6D32C1902BFC0FA400237B67 /* Views */,
				6D32C18F2BFC0F9800237B67 /* Models */,
				6D2435B22BFBE578008EEA6E /* Info.plist */,
			);
			path = solorise;
			sourceTree = "<group>";
		};
		6D2435BA2BFBE578008EEA6E /* soloriseTests */ = {
			isa = PBXGroup;
			children = (
				6D2435BB2BFBE578008EEA6E /* soloriseTests.swift */,
			);
			path = soloriseTests;
			sourceTree = "<group>";
		};
		6D2435C42BFBE578008EEA6E /* soloriseUITests */ = {
			isa = PBXGroup;
			children = (
				6D2435C52BFBE578008EEA6E /* soloriseUITests.swift */,
				6D2435C72BFBE578008EEA6E /* soloriseUITestsLaunchTests.swift */,
			);
			path = soloriseUITests;
			sourceTree = "<group>";
		};
		6D2F40B52C302595000D705D /* Profile */ = {
			isa = PBXGroup;
			children = (
				6D2F40B62C3025DB000D705D /* GrindProfileController.swift */,
			);
			path = Profile;
			sourceTree = "<group>";
		};
		6D2F40B82C302875000D705D /* CollectionViewCell */ = {
			isa = PBXGroup;
			children = (
				6D2F40B92C3028E6000D705D /* GrindProfileCelll.swift */,
				6D2F40BB2C304AB9000D705D /* ProfileFilterCell.swift */,
				6D0AAACD2C317ABF00581443 /* GrindCalendarCell.swift */,
			);
			path = CollectionViewCell;
			sourceTree = "<group>";
		};
		6D32C18F2BFC0F9800237B67 /* Models */ = {
			isa = PBXGroup;
			children = (
				6D58F7E82C18CAEE00414A33 /* Api */,
				6D426A5D2C035A8400BFBBFF /* Example.swift */,
				6D58F7E92C18CB0100414A33 /* User.swift */,
				6D0AAAC82C3170E000581443 /* Post.swift */,
			);
			path = Models;
			sourceTree = "<group>";
		};
		6D32C1902BFC0FA400237B67 /* Views */ = {
			isa = PBXGroup;
			children = (
			);
			path = Views;
			sourceTree = "<group>";
		};
		6D32C1912BFC0FB100237B67 /* Controllers */ = {
			isa = PBXGroup;
			children = (
				6DF95A4D2C5C2BB50047FED1 /* Editor */,
				6D0AAACA2C3179A600581443 /* New Group */,
				6D2F40B52C302595000D705D /* Profile */,
				6DB5A74B2C1E4E8E007D7A04 /* Tab */,
				6D0FE6B42C13E45800A42246 /* Auth */,
				6D0FE6B32C13E36300A42246 /* Helper */,
				6D2435A82BFBE577008EEA6E /* FirstScreenController.swift */,
				6DC841BF2C2F84FC0030F4B7 /* MyPageControllerViewController.swift */,
				6DB5A7492C1E41FC007D7A04 /* ProfileController.swift */,
				6D0AAACB2C3179D100581443 /* GrindCalendarViewController.swift */,
				6D0AAACF2C3180A700581443 /* InvidualGrindViewController.swift */,
				6DC408D62C5AE9B8009A67C5 /* SecondViewController.swift */,
			);
			path = Controllers;
			sourceTree = "<group>";
		};
		6D32C1922BFC146100237B67 /* Extensions */ = {
			isa = PBXGroup;
			children = (
				6D4A2E0C2C068740000125C3 /* Anchors.swift */,
				6D4A2E0E2C068755000125C3 /* CustomCell.swift */,
				6D4A2E172C068860000125C3 /* LoadingIndicator.swift */,
				6D4A2E1D2C068BB8000125C3 /* Color.swift */,
			);
			path = Extensions;
			sourceTree = "<group>";
		};
		6D32C1932BFC147A00237B67 /* Service */ = {
			isa = PBXGroup;
			children = (
			);
			path = Service;
			sourceTree = "<group>";
		};
		6D32C1942BFC149600237B67 /* Resource */ = {
			isa = PBXGroup;
			children = (
				6D2435A62BFBE577008EEA6E /* SceneDelegate.swift */,
				6D2435A42BFBE577008EEA6E /* AppDelegate.swift */,
				6D2435AD2BFBE578008EEA6E /* Assets.xcassets */,
				6D2435AF2BFBE578008EEA6E /* LaunchScreen.storyboard */,
			);
			path = Resource;
			sourceTree = "<group>";
		};
		6D32C1952BFC14B900237B67 /* ApiClient */ = {
			isa = PBXGroup;
			children = (
				6D7C6C7A2C04DB02007AE2AC /* Endpoint.swift */,
				6D7C6C7C2C04DB1A007AE2AC /* NetworkManager.swift */,
				6D7C6C7E2C04DB37007AE2AC /* Request.swift */,
			);
			path = ApiClient;
			sourceTree = "<group>";
		};
		6D4A2E122C068794000125C3 /* Manager */ = {
			isa = PBXGroup;
			children = (
				6D4A2E132C0687A0000125C3 /* StackManager.swift */,
				6D4A2E152C0687E9000125C3 /* TimeManager.swift */,
				6D8D2F9A2C1A5DC000E59A84 /* AuthManager.swift */,
			);
			path = Manager;
			sourceTree = "<group>";
		};
		6D58F7E82C18CAEE00414A33 /* Api */ = {
			isa = PBXGroup;
			children = (
				6D7C6C802C0508CB007AE2AC /* ApiResponse.swift */,
				6D7C6C822C0508E9007AE2AC /* ApiErrorResponse.swift */,
			);
			path = Api;
			sourceTree = "<group>";
		};
		6D7C6C792C04D9FF007AE2AC /* Component */ = {
			isa = PBXGroup;
			children = (
				6D2F40B82C302875000D705D /* CollectionViewCell */,
				6DB881562C27100500EC3B68 /* CollectionView */,
				6D4A2E192C0689AC000125C3 /* CustomTextField.swift */,
				6D4A2E1F2C068CB3000125C3 /* CustomButton.swift */,
				6D0FE6AF2C13DC4100A42246 /* AuthHeaderView.swift */,
				6DCC0E292C1F71EE000DD271 /* CustomImage.swift */,
			);
			path = Component;
			sourceTree = "<group>";
		};
		6DB5A74B2C1E4E8E007D7A04 /* Tab */ = {
			isa = PBXGroup;
			children = (
				6DB5A74C2C1E4E98007D7A04 /* TabController.swift */,
			);
			path = Tab;
			sourceTree = "<group>";
		};
		6DB881562C27100500EC3B68 /* CollectionView */ = {
			isa = PBXGroup;
			children = (
				6DB881572C27101F00EC3B68 /* ProfilePagingCollectionView.swift */,
				6DB881592C27109000EC3B68 /* ProfilePagingCell.swift */,
			);
			path = CollectionView;
			sourceTree = "<group>";
		};
		6DED032C2C02A2A600F3592F /* ViewModel */ = {
			isa = PBXGroup;
			children = (
			);
			path = ViewModel;
			sourceTree = "<group>";
		};
		6DED032D2C02A2F600F3592F /* Support */ = {
			isa = PBXGroup;
			children = (
				6DED032E2C02A30300F3592F /* Constants.swift */,
				6D4A2E1B2C068B80000125C3 /* DesignConstants.swift */,
			);
			path = Support;
			sourceTree = "<group>";
		};
		6DF95A4D2C5C2BB50047FED1 /* Editor */ = {
			isa = PBXGroup;
			children = (
				6DF95A4E2C5C2BD20047FED1 /* PreviewViewController.swift */,
			);
			path = Editor;
			sourceTree = "<group>";
		};
		9AEE0E5A0C85BBE47376818B /* Frameworks */ = {
			isa = PBXGroup;
			children = (
				F680D5DBD07A748DABEE0756 /* Pods_solorise.framework */,
				41B0B80157B3A7FFED744C11 /* Pods_solorise_soloriseUITests.framework */,
				5563EBCBE8CCC52B1904C1F9 /* Pods_soloriseTests.framework */,
			);
			name = Frameworks;
			sourceTree = "<group>";
		};
/* End PBXGroup section */

/* Begin PBXNativeTarget section */
		6D2435A02BFBE577008EEA6E /* solorise */ = {
			isa = PBXNativeTarget;
			buildConfigurationList = 6D2435CB2BFBE578008EEA6E /* Build configuration list for PBXNativeTarget "solorise" */;
			buildPhases = (
				4590381D4C07058316FD5C61 /* [CP] Check Pods Manifest.lock */,
				6D24359D2BFBE577008EEA6E /* Sources */,
				6D24359E2BFBE577008EEA6E /* Frameworks */,
				6D24359F2BFBE577008EEA6E /* Resources */,
			);
			buildRules = (
			);
			dependencies = (
			);
			name = solorise;
			productName = solorise;
			productReference = 6D2435A12BFBE577008EEA6E /* solorise.app */;
			productType = "com.apple.product-type.application";
		};
		6D2435B62BFBE578008EEA6E /* soloriseTests */ = {
			isa = PBXNativeTarget;
			buildConfigurationList = 6D2435CE2BFBE578008EEA6E /* Build configuration list for PBXNativeTarget "soloriseTests" */;
			buildPhases = (
				74DC5950C294F31CD756AADA /* [CP] Check Pods Manifest.lock */,
				6D2435B32BFBE578008EEA6E /* Sources */,
				6D2435B42BFBE578008EEA6E /* Frameworks */,
				6D2435B52BFBE578008EEA6E /* Resources */,
			);
			buildRules = (
			);
			dependencies = (
				6D2435B92BFBE578008EEA6E /* PBXTargetDependency */,
			);
			name = soloriseTests;
			productName = soloriseTests;
			productReference = 6D2435B72BFBE578008EEA6E /* soloriseTests.xctest */;
			productType = "com.apple.product-type.bundle.unit-test";
		};
		6D2435C02BFBE578008EEA6E /* soloriseUITests */ = {
			isa = PBXNativeTarget;
			buildConfigurationList = 6D2435D12BFBE578008EEA6E /* Build configuration list for PBXNativeTarget "soloriseUITests" */;
			buildPhases = (
				817BB263C69E238EBE5A527C /* [CP] Check Pods Manifest.lock */,
				6D2435BD2BFBE578008EEA6E /* Sources */,
				6D2435BE2BFBE578008EEA6E /* Frameworks */,
				6D2435BF2BFBE578008EEA6E /* Resources */,
			);
			buildRules = (
			);
			dependencies = (
				6D2435C32BFBE578008EEA6E /* PBXTargetDependency */,
			);
			name = soloriseUITests;
			productName = soloriseUITests;
			productReference = 6D2435C12BFBE578008EEA6E /* soloriseUITests.xctest */;
			productType = "com.apple.product-type.bundle.ui-testing";
		};
/* End PBXNativeTarget section */

/* Begin PBXProject section */
		6D2435992BFBE577008EEA6E /* Project object */ = {
			isa = PBXProject;
			attributes = {
				BuildIndependentTargetsInParallel = 1;
				LastSwiftUpdateCheck = 1540;
				LastUpgradeCheck = 1540;
				TargetAttributes = {
					6D2435A02BFBE577008EEA6E = {
						CreatedOnToolsVersion = 15.4;
					};
					6D2435B62BFBE578008EEA6E = {
						CreatedOnToolsVersion = 15.4;
						TestTargetID = 6D2435A02BFBE577008EEA6E;
					};
					6D2435C02BFBE578008EEA6E = {
						CreatedOnToolsVersion = 15.4;
						TestTargetID = 6D2435A02BFBE577008EEA6E;
					};
				};
			};
			buildConfigurationList = 6D24359C2BFBE577008EEA6E /* Build configuration list for PBXProject "solorise" */;
			compatibilityVersion = "Xcode 14.0";
			developmentRegion = en;
			hasScannedForEncodings = 0;
			knownRegions = (
				en,
				Base,
			);
			mainGroup = 6D2435982BFBE577008EEA6E;
			productRefGroup = 6D2435A22BFBE577008EEA6E /* Products */;
			projectDirPath = "";
			projectRoot = "";
			targets = (
				6D2435A02BFBE577008EEA6E /* solorise */,
				6D2435B62BFBE578008EEA6E /* soloriseTests */,
				6D2435C02BFBE578008EEA6E /* soloriseUITests */,
			);
		};
/* End PBXProject section */

/* Begin PBXResourcesBuildPhase section */
		6D24359F2BFBE577008EEA6E /* Resources */ = {
			isa = PBXResourcesBuildPhase;
			buildActionMask = 2147483647;
			files = (
				6D2435AE2BFBE578008EEA6E /* Assets.xcassets in Resources */,
				6D2435B12BFBE578008EEA6E /* Base in Resources */,
			);
			runOnlyForDeploymentPostprocessing = 0;
		};
		6D2435B52BFBE578008EEA6E /* Resources */ = {
			isa = PBXResourcesBuildPhase;
			buildActionMask = 2147483647;
			files = (
			);
			runOnlyForDeploymentPostprocessing = 0;
		};
		6D2435BF2BFBE578008EEA6E /* Resources */ = {
			isa = PBXResourcesBuildPhase;
			buildActionMask = 2147483647;
			files = (
			);
			runOnlyForDeploymentPostprocessing = 0;
		};
/* End PBXResourcesBuildPhase section */

/* Begin PBXShellScriptBuildPhase section */
		4590381D4C07058316FD5C61 /* [CP] Check Pods Manifest.lock */ = {
			isa = PBXShellScriptBuildPhase;
			buildActionMask = 2147483647;
			files = (
			);
			inputFileListPaths = (
			);
			inputPaths = (
				"${PODS_PODFILE_DIR_PATH}/Podfile.lock",
				"${PODS_ROOT}/Manifest.lock",
			);
			name = "[CP] Check Pods Manifest.lock";
			outputFileListPaths = (
			);
			outputPaths = (
				"$(DERIVED_FILE_DIR)/Pods-solorise-checkManifestLockResult.txt",
			);
			runOnlyForDeploymentPostprocessing = 0;
			shellPath = /bin/sh;
			shellScript = "diff \"${PODS_PODFILE_DIR_PATH}/Podfile.lock\" \"${PODS_ROOT}/Manifest.lock\" > /dev/null\nif [ $? != 0 ] ; then\n    # print error to STDERR\n    echo \"error: The sandbox is not in sync with the Podfile.lock. Run 'pod install' or update your CocoaPods installation.\" >&2\n    exit 1\nfi\n# This output is used by Xcode 'outputs' to avoid re-running this script phase.\necho \"SUCCESS\" > \"${SCRIPT_OUTPUT_FILE_0}\"\n";
			showEnvVarsInLog = 0;
		};
		74DC5950C294F31CD756AADA /* [CP] Check Pods Manifest.lock */ = {
			isa = PBXShellScriptBuildPhase;
			buildActionMask = 2147483647;
			files = (
			);
			inputFileListPaths = (
			);
			inputPaths = (
				"${PODS_PODFILE_DIR_PATH}/Podfile.lock",
				"${PODS_ROOT}/Manifest.lock",
			);
			name = "[CP] Check Pods Manifest.lock";
			outputFileListPaths = (
			);
			outputPaths = (
				"$(DERIVED_FILE_DIR)/Pods-soloriseTests-checkManifestLockResult.txt",
			);
			runOnlyForDeploymentPostprocessing = 0;
			shellPath = /bin/sh;
			shellScript = "diff \"${PODS_PODFILE_DIR_PATH}/Podfile.lock\" \"${PODS_ROOT}/Manifest.lock\" > /dev/null\nif [ $? != 0 ] ; then\n    # print error to STDERR\n    echo \"error: The sandbox is not in sync with the Podfile.lock. Run 'pod install' or update your CocoaPods installation.\" >&2\n    exit 1\nfi\n# This output is used by Xcode 'outputs' to avoid re-running this script phase.\necho \"SUCCESS\" > \"${SCRIPT_OUTPUT_FILE_0}\"\n";
			showEnvVarsInLog = 0;
		};
		817BB263C69E238EBE5A527C /* [CP] Check Pods Manifest.lock */ = {
			isa = PBXShellScriptBuildPhase;
			buildActionMask = 2147483647;
			files = (
			);
			inputFileListPaths = (
			);
			inputPaths = (
				"${PODS_PODFILE_DIR_PATH}/Podfile.lock",
				"${PODS_ROOT}/Manifest.lock",
			);
			name = "[CP] Check Pods Manifest.lock";
			outputFileListPaths = (
			);
			outputPaths = (
				"$(DERIVED_FILE_DIR)/Pods-solorise-soloriseUITests-checkManifestLockResult.txt",
			);
			runOnlyForDeploymentPostprocessing = 0;
			shellPath = /bin/sh;
			shellScript = "diff \"${PODS_PODFILE_DIR_PATH}/Podfile.lock\" \"${PODS_ROOT}/Manifest.lock\" > /dev/null\nif [ $? != 0 ] ; then\n    # print error to STDERR\n    echo \"error: The sandbox is not in sync with the Podfile.lock. Run 'pod install' or update your CocoaPods installation.\" >&2\n    exit 1\nfi\n# This output is used by Xcode 'outputs' to avoid re-running this script phase.\necho \"SUCCESS\" > \"${SCRIPT_OUTPUT_FILE_0}\"\n";
			showEnvVarsInLog = 0;
		};
/* End PBXShellScriptBuildPhase section */

/* Begin PBXSourcesBuildPhase section */
		6D24359D2BFBE577008EEA6E /* Sources */ = {
			isa = PBXSourcesBuildPhase;
			buildActionMask = 2147483647;
			files = (
				6D2435A92BFBE577008EEA6E /* FirstScreenController.swift in Sources */,
				6D2435A52BFBE577008EEA6E /* AppDelegate.swift in Sources */,
				6D2435A72BFBE577008EEA6E /* SceneDelegate.swift in Sources */,
				6D0AAACC2C3179D100581443 /* GrindCalendarViewController.swift in Sources */,
				6D8D2F9B2C1A5DC000E59A84 /* AuthManager.swift in Sources */,
				6D58F7EA2C18CB0100414A33 /* User.swift in Sources */,
				6DCC0E2A2C1F71EE000DD271 /* CustomImage.swift in Sources */,
				6D0FE6B02C13DC4100A42246 /* AuthHeaderView.swift in Sources */,
				6DF95A4F2C5C2BD20047FED1 /* PreviewViewController.swift in Sources */,
				6DC408D72C5AE9B8009A67C5 /* SecondViewController.swift in Sources */,
				6DED032F2C02A30300F3592F /* Constants.swift in Sources */,
				6D7C6C7F2C04DB37007AE2AC /* Request.swift in Sources */,
				6D4A2E1C2C068B80000125C3 /* DesignConstants.swift in Sources */,
				6D7C6C7B2C04DB02007AE2AC /* Endpoint.swift in Sources */,
				6DB881582C27101F00EC3B68 /* ProfilePagingCollectionView.swift in Sources */,
				6D4A2E162C0687E9000125C3 /* TimeManager.swift in Sources */,
				6D4A2E0B2C0685AA000125C3 /* SignupViewController.swift in Sources */,
				6D0AAAD02C3180A700581443 /* InvidualGrindViewController.swift in Sources */,
				6D4A2E1A2C0689AC000125C3 /* CustomTextField.swift in Sources */,
				6D0AAAC92C3170E000581443 /* Post.swift in Sources */,
				6D7C6C812C0508CB007AE2AC /* ApiResponse.swift in Sources */,
				6DB5A74A2C1E41FC007D7A04 /* ProfileController.swift in Sources */,
				6D4A2E202C068CB3000125C3 /* CustomButton.swift in Sources */,
				6D0AAACE2C317ABF00581443 /* GrindCalendarCell.swift in Sources */,
				6D0FE6B62C13E46500A42246 /* AuthController.swift in Sources */,
				6D7C6C7D2C04DB1A007AE2AC /* NetworkManager.swift in Sources */,
				6D0FE6B22C13E28E00A42246 /* WebViewController.swift in Sources */,
				6D2F40B72C3025DB000D705D /* GrindProfileController.swift in Sources */,
				6DC841C02C2F84FC0030F4B7 /* MyPageControllerViewController.swift in Sources */,
				6D2F40BC2C304AB9000D705D /* ProfileFilterCell.swift in Sources */,
				6DB8815A2C27109000EC3B68 /* ProfilePagingCell.swift in Sources */,
				6D7C6C832C0508E9007AE2AC /* ApiErrorResponse.swift in Sources */,
				6D4A2E1E2C068BB8000125C3 /* Color.swift in Sources */,
				6DB5A74D2C1E4E98007D7A04 /* TabController.swift in Sources */,
				6D426A5E2C035A8400BFBBFF /* Example.swift in Sources */,
				6D4A2E092C068597000125C3 /* LoginViewController.swift in Sources */,
				6D4A2E0F2C068755000125C3 /* CustomCell.swift in Sources */,
				6D4A2E182C068860000125C3 /* LoadingIndicator.swift in Sources */,
				6D2F40BA2C3028E6000D705D /* GrindProfileCelll.swift in Sources */,
				6D4A2E0D2C068740000125C3 /* Anchors.swift in Sources */,
				6D4A2E142C0687A0000125C3 /* StackManager.swift in Sources */,
			);
			runOnlyForDeploymentPostprocessing = 0;
		};
		6D2435B32BFBE578008EEA6E /* Sources */ = {
			isa = PBXSourcesBuildPhase;
			buildActionMask = 2147483647;
			files = (
				6D2435BC2BFBE578008EEA6E /* soloriseTests.swift in Sources */,
			);
			runOnlyForDeploymentPostprocessing = 0;
		};
		6D2435BD2BFBE578008EEA6E /* Sources */ = {
			isa = PBXSourcesBuildPhase;
			buildActionMask = 2147483647;
			files = (
				6D2435C82BFBE578008EEA6E /* soloriseUITestsLaunchTests.swift in Sources */,
				6D2435C62BFBE578008EEA6E /* soloriseUITests.swift in Sources */,
			);
			runOnlyForDeploymentPostprocessing = 0;
		};
/* End PBXSourcesBuildPhase section */

/* Begin PBXTargetDependency section */
		6D2435B92BFBE578008EEA6E /* PBXTargetDependency */ = {
			isa = PBXTargetDependency;
			target = 6D2435A02BFBE577008EEA6E /* solorise */;
			targetProxy = 6D2435B82BFBE578008EEA6E /* PBXContainerItemProxy */;
		};
		6D2435C32BFBE578008EEA6E /* PBXTargetDependency */ = {
			isa = PBXTargetDependency;
			target = 6D2435A02BFBE577008EEA6E /* solorise */;
			targetProxy = 6D2435C22BFBE578008EEA6E /* PBXContainerItemProxy */;
		};
/* End PBXTargetDependency section */

/* Begin PBXVariantGroup section */
		6D2435AF2BFBE578008EEA6E /* LaunchScreen.storyboard */ = {
			isa = PBXVariantGroup;
			children = (
				6D2435B02BFBE578008EEA6E /* Base */,
			);
			name = LaunchScreen.storyboard;
			sourceTree = "<group>";
		};
/* End PBXVariantGroup section */

/* Begin XCBuildConfiguration section */
		6D2435C92BFBE578008EEA6E /* Debug */ = {
			isa = XCBuildConfiguration;
			buildSettings = {
				ALWAYS_SEARCH_USER_PATHS = NO;
				ASSETCATALOG_COMPILER_GENERATE_SWIFT_ASSET_SYMBOL_EXTENSIONS = YES;
				CLANG_ANALYZER_NONNULL = YES;
				CLANG_ANALYZER_NUMBER_OBJECT_CONVERSION = YES_AGGRESSIVE;
				CLANG_CXX_LANGUAGE_STANDARD = "gnu++20";
				CLANG_ENABLE_MODULES = YES;
				CLANG_ENABLE_OBJC_ARC = YES;
				CLANG_ENABLE_OBJC_WEAK = YES;
				CLANG_WARN_BLOCK_CAPTURE_AUTORELEASING = YES;
				CLANG_WARN_BOOL_CONVERSION = YES;
				CLANG_WARN_COMMA = YES;
				CLANG_WARN_CONSTANT_CONVERSION = YES;
				CLANG_WARN_DEPRECATED_OBJC_IMPLEMENTATIONS = YES;
				CLANG_WARN_DIRECT_OBJC_ISA_USAGE = YES_ERROR;
				CLANG_WARN_DOCUMENTATION_COMMENTS = YES;
				CLANG_WARN_EMPTY_BODY = YES;
				CLANG_WARN_ENUM_CONVERSION = YES;
				CLANG_WARN_INFINITE_RECURSION = YES;
				CLANG_WARN_INT_CONVERSION = YES;
				CLANG_WARN_NON_LITERAL_NULL_CONVERSION = YES;
				CLANG_WARN_OBJC_IMPLICIT_RETAIN_SELF = YES;
				CLANG_WARN_OBJC_LITERAL_CONVERSION = YES;
				CLANG_WARN_OBJC_ROOT_CLASS = YES_ERROR;
				CLANG_WARN_QUOTED_INCLUDE_IN_FRAMEWORK_HEADER = YES;
				CLANG_WARN_RANGE_LOOP_ANALYSIS = YES;
				CLANG_WARN_STRICT_PROTOTYPES = YES;
				CLANG_WARN_SUSPICIOUS_MOVE = YES;
				CLANG_WARN_UNGUARDED_AVAILABILITY = YES_AGGRESSIVE;
				CLANG_WARN_UNREACHABLE_CODE = YES;
				CLANG_WARN__DUPLICATE_METHOD_MATCH = YES;
				COPY_PHASE_STRIP = NO;
				DEBUG_INFORMATION_FORMAT = dwarf;
				ENABLE_STRICT_OBJC_MSGSEND = YES;
				ENABLE_TESTABILITY = YES;
				ENABLE_USER_SCRIPT_SANDBOXING = YES;
				GCC_C_LANGUAGE_STANDARD = gnu17;
				GCC_DYNAMIC_NO_PIC = NO;
				GCC_NO_COMMON_BLOCKS = YES;
				GCC_OPTIMIZATION_LEVEL = 0;
				GCC_PREPROCESSOR_DEFINITIONS = (
					"DEBUG=1",
					"$(inherited)",
				);
				GCC_WARN_64_TO_32_BIT_CONVERSION = YES;
				GCC_WARN_ABOUT_RETURN_TYPE = YES_ERROR;
				GCC_WARN_UNDECLARED_SELECTOR = YES;
				GCC_WARN_UNINITIALIZED_AUTOS = YES_AGGRESSIVE;
				GCC_WARN_UNUSED_FUNCTION = YES;
				GCC_WARN_UNUSED_VARIABLE = YES;
				IPHONEOS_DEPLOYMENT_TARGET = 17.5;
				LOCALIZATION_PREFERS_STRING_CATALOGS = YES;
				MTL_ENABLE_DEBUG_INFO = INCLUDE_SOURCE;
				MTL_FAST_MATH = YES;
				ONLY_ACTIVE_ARCH = YES;
				SDKROOT = iphoneos;
				SWIFT_ACTIVE_COMPILATION_CONDITIONS = "DEBUG $(inherited)";
				SWIFT_OPTIMIZATION_LEVEL = "-Onone";
			};
			name = Debug;
		};
		6D2435CA2BFBE578008EEA6E /* Release */ = {
			isa = XCBuildConfiguration;
			buildSettings = {
				ALWAYS_SEARCH_USER_PATHS = NO;
				ASSETCATALOG_COMPILER_GENERATE_SWIFT_ASSET_SYMBOL_EXTENSIONS = YES;
				CLANG_ANALYZER_NONNULL = YES;
				CLANG_ANALYZER_NUMBER_OBJECT_CONVERSION = YES_AGGRESSIVE;
				CLANG_CXX_LANGUAGE_STANDARD = "gnu++20";
				CLANG_ENABLE_MODULES = YES;
				CLANG_ENABLE_OBJC_ARC = YES;
				CLANG_ENABLE_OBJC_WEAK = YES;
				CLANG_WARN_BLOCK_CAPTURE_AUTORELEASING = YES;
				CLANG_WARN_BOOL_CONVERSION = YES;
				CLANG_WARN_COMMA = YES;
				CLANG_WARN_CONSTANT_CONVERSION = YES;
				CLANG_WARN_DEPRECATED_OBJC_IMPLEMENTATIONS = YES;
				CLANG_WARN_DIRECT_OBJC_ISA_USAGE = YES_ERROR;
				CLANG_WARN_DOCUMENTATION_COMMENTS = YES;
				CLANG_WARN_EMPTY_BODY = YES;
				CLANG_WARN_ENUM_CONVERSION = YES;
				CLANG_WARN_INFINITE_RECURSION = YES;
				CLANG_WARN_INT_CONVERSION = YES;
				CLANG_WARN_NON_LITERAL_NULL_CONVERSION = YES;
				CLANG_WARN_OBJC_IMPLICIT_RETAIN_SELF = YES;
				CLANG_WARN_OBJC_LITERAL_CONVERSION = YES;
				CLANG_WARN_OBJC_ROOT_CLASS = YES_ERROR;
				CLANG_WARN_QUOTED_INCLUDE_IN_FRAMEWORK_HEADER = YES;
				CLANG_WARN_RANGE_LOOP_ANALYSIS = YES;
				CLANG_WARN_STRICT_PROTOTYPES = YES;
				CLANG_WARN_SUSPICIOUS_MOVE = YES;
				CLANG_WARN_UNGUARDED_AVAILABILITY = YES_AGGRESSIVE;
				CLANG_WARN_UNREACHABLE_CODE = YES;
				CLANG_WARN__DUPLICATE_METHOD_MATCH = YES;
				COPY_PHASE_STRIP = NO;
				DEBUG_INFORMATION_FORMAT = "dwarf-with-dsym";
				ENABLE_NS_ASSERTIONS = NO;
				ENABLE_STRICT_OBJC_MSGSEND = YES;
				ENABLE_USER_SCRIPT_SANDBOXING = YES;
				GCC_C_LANGUAGE_STANDARD = gnu17;
				GCC_NO_COMMON_BLOCKS = YES;
				GCC_WARN_64_TO_32_BIT_CONVERSION = YES;
				GCC_WARN_ABOUT_RETURN_TYPE = YES_ERROR;
				GCC_WARN_UNDECLARED_SELECTOR = YES;
				GCC_WARN_UNINITIALIZED_AUTOS = YES_AGGRESSIVE;
				GCC_WARN_UNUSED_FUNCTION = YES;
				GCC_WARN_UNUSED_VARIABLE = YES;
				IPHONEOS_DEPLOYMENT_TARGET = 17.5;
				LOCALIZATION_PREFERS_STRING_CATALOGS = YES;
				MTL_ENABLE_DEBUG_INFO = NO;
				MTL_FAST_MATH = YES;
				SDKROOT = iphoneos;
				SWIFT_COMPILATION_MODE = wholemodule;
				VALIDATE_PRODUCT = YES;
			};
			name = Release;
		};
		6D2435CC2BFBE578008EEA6E /* Debug */ = {
			isa = XCBuildConfiguration;
			baseConfigurationReference = 0B5FECC4141D1DB1D0ED7942 /* Pods-solorise.debug.xcconfig */;
			buildSettings = {
				ASSETCATALOG_COMPILER_APPICON_NAME = AppIcon;
				ASSETCATALOG_COMPILER_GLOBAL_ACCENT_COLOR_NAME = AccentColor;
				CODE_SIGN_STYLE = Automatic;
				CURRENT_PROJECT_VERSION = 1;
				DEVELOPMENT_TEAM = YZ4V5CL62F;
				GENERATE_INFOPLIST_FILE = YES;
				INFOPLIST_FILE = solorise/Info.plist;
				INFOPLIST_KEY_UIApplicationSupportsIndirectInputEvents = YES;
				INFOPLIST_KEY_UILaunchStoryboardName = LaunchScreen;
				INFOPLIST_KEY_UIStatusBarStyle = "";
				INFOPLIST_KEY_UISupportedInterfaceOrientations_iPad = "UIInterfaceOrientationPortrait UIInterfaceOrientationPortraitUpsideDown UIInterfaceOrientationLandscapeLeft UIInterfaceOrientationLandscapeRight";
				INFOPLIST_KEY_UISupportedInterfaceOrientations_iPhone = "UIInterfaceOrientationPortrait UIInterfaceOrientationLandscapeLeft UIInterfaceOrientationLandscapeRight";
				IPHONEOS_DEPLOYMENT_TARGET = 15.0;
				LD_RUNPATH_SEARCH_PATHS = (
					"$(inherited)",
					"@executable_path/Frameworks",
				);
				MARKETING_VERSION = 1.0;
				PRODUCT_BUNDLE_IDENTIFIER = navid.solorise;
				PRODUCT_NAME = "$(TARGET_NAME)";
				SWIFT_EMIT_LOC_STRINGS = YES;
				SWIFT_VERSION = 5.0;
				TARGETED_DEVICE_FAMILY = "1,2";
			};
			name = Debug;
		};
		6D2435CD2BFBE578008EEA6E /* Release */ = {
			isa = XCBuildConfiguration;
			baseConfigurationReference = A0F07006FE9B8D49B38F1604 /* Pods-solorise.release.xcconfig */;
			buildSettings = {
				ASSETCATALOG_COMPILER_APPICON_NAME = AppIcon;
				ASSETCATALOG_COMPILER_GLOBAL_ACCENT_COLOR_NAME = AccentColor;
				CODE_SIGN_STYLE = Automatic;
				CURRENT_PROJECT_VERSION = 1;
				DEVELOPMENT_TEAM = YZ4V5CL62F;
				GENERATE_INFOPLIST_FILE = YES;
				INFOPLIST_FILE = solorise/Info.plist;
				INFOPLIST_KEY_UIApplicationSupportsIndirectInputEvents = YES;
				INFOPLIST_KEY_UILaunchStoryboardName = LaunchScreen;
				INFOPLIST_KEY_UIStatusBarStyle = "";
				INFOPLIST_KEY_UISupportedInterfaceOrientations_iPad = "UIInterfaceOrientationPortrait UIInterfaceOrientationPortraitUpsideDown UIInterfaceOrientationLandscapeLeft UIInterfaceOrientationLandscapeRight";
				INFOPLIST_KEY_UISupportedInterfaceOrientations_iPhone = "UIInterfaceOrientationPortrait UIInterfaceOrientationLandscapeLeft UIInterfaceOrientationLandscapeRight";
				IPHONEOS_DEPLOYMENT_TARGET = 15.0;
				LD_RUNPATH_SEARCH_PATHS = (
					"$(inherited)",
					"@executable_path/Frameworks",
				);
				MARKETING_VERSION = 1.0;
				PRODUCT_BUNDLE_IDENTIFIER = navid.solorise;
				PRODUCT_NAME = "$(TARGET_NAME)";
				SWIFT_EMIT_LOC_STRINGS = YES;
				SWIFT_VERSION = 5.0;
				TARGETED_DEVICE_FAMILY = "1,2";
			};
			name = Release;
		};
		6D2435CF2BFBE578008EEA6E /* Debug */ = {
			isa = XCBuildConfiguration;
			baseConfigurationReference = C07844C20C51B3BAB08A0078 /* Pods-soloriseTests.debug.xcconfig */;
			buildSettings = {
				ALWAYS_EMBED_SWIFT_STANDARD_LIBRARIES = YES;
				BUNDLE_LOADER = "$(TEST_HOST)";
				CODE_SIGN_STYLE = Automatic;
				CURRENT_PROJECT_VERSION = 1;
				GENERATE_INFOPLIST_FILE = YES;
				IPHONEOS_DEPLOYMENT_TARGET = 17.5;
				MARKETING_VERSION = 1.0;
				PRODUCT_BUNDLE_IDENTIFIER = navid.soloriseTests;
				PRODUCT_NAME = "$(TARGET_NAME)";
				SWIFT_EMIT_LOC_STRINGS = NO;
				SWIFT_VERSION = 5.0;
				TARGETED_DEVICE_FAMILY = "1,2";
				TEST_HOST = "$(BUILT_PRODUCTS_DIR)/solorise.app/$(BUNDLE_EXECUTABLE_FOLDER_PATH)/solorise";
			};
			name = Debug;
		};
		6D2435D02BFBE578008EEA6E /* Release */ = {
			isa = XCBuildConfiguration;
			baseConfigurationReference = 61DCAC099809229B5EF5676C /* Pods-soloriseTests.release.xcconfig */;
			buildSettings = {
				ALWAYS_EMBED_SWIFT_STANDARD_LIBRARIES = YES;
				BUNDLE_LOADER = "$(TEST_HOST)";
				CODE_SIGN_STYLE = Automatic;
				CURRENT_PROJECT_VERSION = 1;
				GENERATE_INFOPLIST_FILE = YES;
				IPHONEOS_DEPLOYMENT_TARGET = 17.5;
				MARKETING_VERSION = 1.0;
				PRODUCT_BUNDLE_IDENTIFIER = navid.soloriseTests;
				PRODUCT_NAME = "$(TARGET_NAME)";
				SWIFT_EMIT_LOC_STRINGS = NO;
				SWIFT_VERSION = 5.0;
				TARGETED_DEVICE_FAMILY = "1,2";
				TEST_HOST = "$(BUILT_PRODUCTS_DIR)/solorise.app/$(BUNDLE_EXECUTABLE_FOLDER_PATH)/solorise";
			};
			name = Release;
		};
		6D2435D22BFBE578008EEA6E /* Debug */ = {
			isa = XCBuildConfiguration;
			baseConfigurationReference = 7864D47C0D2A11049B8F8877 /* Pods-solorise-soloriseUITests.debug.xcconfig */;
			buildSettings = {
				ALWAYS_EMBED_SWIFT_STANDARD_LIBRARIES = YES;
				CODE_SIGN_STYLE = Automatic;
				CURRENT_PROJECT_VERSION = 1;
				GENERATE_INFOPLIST_FILE = YES;
				MARKETING_VERSION = 1.0;
				PRODUCT_BUNDLE_IDENTIFIER = navid.soloriseUITests;
				PRODUCT_NAME = "$(TARGET_NAME)";
				SWIFT_EMIT_LOC_STRINGS = NO;
				SWIFT_VERSION = 5.0;
				TARGETED_DEVICE_FAMILY = "1,2";
				TEST_TARGET_NAME = solorise;
			};
			name = Debug;
		};
		6D2435D32BFBE578008EEA6E /* Release */ = {
			isa = XCBuildConfiguration;
			baseConfigurationReference = 5ACF37B33AFC3A4EE759CE21 /* Pods-solorise-soloriseUITests.release.xcconfig */;
			buildSettings = {
				ALWAYS_EMBED_SWIFT_STANDARD_LIBRARIES = YES;
				CODE_SIGN_STYLE = Automatic;
				CURRENT_PROJECT_VERSION = 1;
				GENERATE_INFOPLIST_FILE = YES;
				MARKETING_VERSION = 1.0;
				PRODUCT_BUNDLE_IDENTIFIER = navid.soloriseUITests;
				PRODUCT_NAME = "$(TARGET_NAME)";
				SWIFT_EMIT_LOC_STRINGS = NO;
				SWIFT_VERSION = 5.0;
				TARGETED_DEVICE_FAMILY = "1,2";
				TEST_TARGET_NAME = solorise;
			};
			name = Release;
		};
/* End XCBuildConfiguration section */

/* Begin XCConfigurationList section */
		6D24359C2BFBE577008EEA6E /* Build configuration list for PBXProject "solorise" */ = {
			isa = XCConfigurationList;
			buildConfigurations = (
				6D2435C92BFBE578008EEA6E /* Debug */,
				6D2435CA2BFBE578008EEA6E /* Release */,
			);
			defaultConfigurationIsVisible = 0;
			defaultConfigurationName = Release;
		};
		6D2435CB2BFBE578008EEA6E /* Build configuration list for PBXNativeTarget "solorise" */ = {
			isa = XCConfigurationList;
			buildConfigurations = (
				6D2435CC2BFBE578008EEA6E /* Debug */,
				6D2435CD2BFBE578008EEA6E /* Release */,
			);
			defaultConfigurationIsVisible = 0;
			defaultConfigurationName = Release;
		};
		6D2435CE2BFBE578008EEA6E /* Build configuration list for PBXNativeTarget "soloriseTests" */ = {
			isa = XCConfigurationList;
			buildConfigurations = (
				6D2435CF2BFBE578008EEA6E /* Debug */,
				6D2435D02BFBE578008EEA6E /* Release */,
			);
			defaultConfigurationIsVisible = 0;
			defaultConfigurationName = Release;
		};
		6D2435D12BFBE578008EEA6E /* Build configuration list for PBXNativeTarget "soloriseUITests" */ = {
			isa = XCConfigurationList;
			buildConfigurations = (
				6D2435D22BFBE578008EEA6E /* Debug */,
				6D2435D32BFBE578008EEA6E /* Release */,
			);
			defaultConfigurationIsVisible = 0;
			defaultConfigurationName = Release;
		};
/* End XCConfigurationList section */
	};
	rootObject = 6D2435992BFBE577008EEA6E /* Project object */;
}
